
Microsoft Visual Studio Solution File, Format Version 12.00
# Visual Studio 14
VisualStudioVersion = 14.0.25420.1
MinimumVisualStudioVersion = 10.0.40219.1
Project("{FAE04EC0-301F-11D3-BF4B-00C04F79EFBC}") = "CreditCardAPI", "CreditCardAPI\CreditCardAPI.csproj", "{ADEC1637-F8FE-4914-9E27-3D72E8EE16F2}"
EndProject
Project("{FAE04EC0-301F-11D3-BF4B-00C04F79EFBC}") = "CreditCardAPI.Tests", "CreditCardAPI.Tests\CreditCardAPI.Tests.csproj", "{A33CEE81-E88D-4A62-A743-9AB79EC33EFA}"
EndProject
Project("{FAE04EC0-301F-11D3-BF4B-00C04F79EFBC}") = "CreditCardAPI.dbPatch", "CreditCardAPI.dbPatch\CreditCardAPI.dbPatch.csproj", "{3D4212F6-BB26-4E30-816D-E5800CD51DB6}"
EndProject
Global
	GlobalSection(SolutionConfigurationPlatforms) = preSolution
		Debug|Any CPU = Debug|Any CPU
		Release|Any CPU = Release|Any CPU
	EndGlobalSection
	GlobalSection(ProjectConfigurationPlatforms) = postSolution
		{ADEC1637-F8FE-4914-9E27-3D72E8EE16F2}.Debug|Any CPU.ActiveCfg = Debug|Any CPU
		{ADEC1637-F8FE-4914-9E27-3D72E8EE16F2}.Debug|Any CPU.Build.0 = Debug|Any CPU
		{ADEC1637-F8FE-4914-9E27-3D72E8EE16F2}.Release|Any CPU.ActiveCfg = Release|Any CPU
		{ADEC1637-F8FE-4914-9E27-3D72E8EE16F2}.Release|Any CPU.Build.0 = Release|Any CPU
		{A33CEE81-E88D-4A62-A743-9AB79EC33EFA}.Debug|Any CPU.ActiveCfg = Debug|Any CPU
		{A33CEE81-E88D-4A62-A743-9AB79EC33EFA}.Debug|Any CPU.Build.0 = Debug|Any CPU
		{A33CEE81-E88D-4A62-A743-9AB79EC33EFA}.Release|Any CPU.ActiveCfg = Release|Any CPU
		{A33CEE81-E88D-4A62-A743-9AB79EC33EFA}.Release|Any CPU.Build.0 = Release|Any CPU
		{3D4212F6-BB26-4E30-816D-E5800CD51DB6}.Debug|Any CPU.ActiveCfg = Debug|Any CPU
		{3D4212F6-BB26-4E30-816D-E5800CD51DB6}.Debug|Any CPU.Build.0 = Debug|Any CPU
		{3D4212F6-BB26-4E30-816D-E5800CD51DB6}.Release|Any CPU.ActiveCfg = Release|Any CPU
		{3D4212F6-BB26-4E30-816D-E5800CD51DB6}.Release|Any CPU.Build.0 = Release|Any CPU
	EndGlobalSection
	GlobalSection(SolutionProperties) = preSolution
		HideSolutionNode = FALSE
	EndGlobalSection
EndGlobal
